
Microsoft Visual Studio Solution File, Format Version 12.00
# Visual Studio Version 17
VisualStudioVersion = 17.10.35027.167
MinimumVisualStudioVersion = 10.0.40219.1
Project("{9A19103F-16F7-4668-BE54-9A1E7A4F7556}") = "NifTyPredictor", "NifTyPredictor\NifTyPredictor.csproj", "{D219241B-06C6-4240-A372-6F86C81FEA91}"
EndProject
Global
	GlobalSection(SolutionConfigurationPlatforms) = preSolution
		Debug|Any CPU = Debug|Any CPU
		Release|Any CPU = Release|Any CPU
	EndGlobalSection
	GlobalSection(ProjectConfigurationPlatforms) = postSolution
		{D219241B-06C6-4240-A372-6F86C81FEA91}.Debug|Any CPU.ActiveCfg = Debug|Any CPU
		{D219241B-06C6-4240-A372-6F86C81FEA91}.Debug|Any CPU.Build.0 = Debug|Any CPU
		{D219241B-06C6-4240-A372-6F86C81FEA91}.Release|Any CPU.ActiveCfg = Release|Any CPU
		{D219241B-06C6-4240-A372-6F86C81FEA91}.Release|Any CPU.Build.0 = Release|Any CPU
	EndGlobalSection
	GlobalSection(SolutionProperties) = preSolution
		HideSolutionNode = FALSE
	EndGlobalSection
	GlobalSection(ExtensibilityGlobals) = postSolution
		SolutionGuid = {2FFA9E0E-7722-4D19-807B-8765D61B25D3}
	EndGlobalSection
EndGlobal
